
Microsoft Visual Studio Solution File, Format Version 12.00
# Visual Studio Version 17
VisualStudioVersion = 17.7.34024.191
MinimumVisualStudioVersion = 10.0.40219.1
Project("{9A19103F-16F7-4668-BE54-9A1E7A4F7556}") = "AmazonWebServices", "src\AmazonWebServices\AmazonWebServices.csproj", "{B658FD76-AE29-401F-9E22-F7F9AC1F3374}"
EndProject
Project("{9A19103F-16F7-4668-BE54-9A1E7A4F7556}") = "AmazonWebServices.Sample.Api", "sample\AmazonWebServices.Sample.Api\AmazonWebServices.Sample.Api.csproj", "{321EBB7C-D8B0-42CE-AE2B-3A93C1A43A53}"
EndProject
Global
	GlobalSection(SolutionConfigurationPlatforms) = preSolution
		Debug|Any CPU = Debug|Any CPU
		Release|Any CPU = Release|Any CPU
	EndGlobalSection
	GlobalSection(ProjectConfigurationPlatforms) = postSolution
		{B658FD76-AE29-401F-9E22-F7F9AC1F3374}.Debug|Any CPU.ActiveCfg = Debug|Any CPU
		{B658FD76-AE29-401F-9E22-F7F9AC1F3374}.Debug|Any CPU.Build.0 = Debug|Any CPU
		{B658FD76-AE29-401F-9E22-F7F9AC1F3374}.Release|Any CPU.ActiveCfg = Release|Any CPU
		{B658FD76-AE29-401F-9E22-F7F9AC1F3374}.Release|Any CPU.Build.0 = Release|Any CPU
		{321EBB7C-D8B0-42CE-AE2B-3A93C1A43A53}.Debug|Any CPU.ActiveCfg = Debug|Any CPU
		{321EBB7C-D8B0-42CE-AE2B-3A93C1A43A53}.Debug|Any CPU.Build.0 = Debug|Any CPU
		{321EBB7C-D8B0-42CE-AE2B-3A93C1A43A53}.Release|Any CPU.ActiveCfg = Release|Any CPU
		{321EBB7C-D8B0-42CE-AE2B-3A93C1A43A53}.Release|Any CPU.Build.0 = Release|Any CPU
	EndGlobalSection
	GlobalSection(SolutionProperties) = preSolution
		HideSolutionNode = FALSE
	EndGlobalSection
	GlobalSection(ExtensibilityGlobals) = postSolution
		SolutionGuid = {8958A6A5-F506-46BD-B7CE-8BE29C352EF2}
	EndGlobalSection
EndGlobal
